github.com/gorilla/websocket v1.5.3 h1:saDtZ6Pbx/0u+bgYQ3q96pZgCzfhKXGPqt7kZ72aNNg=
github.com/gorilla/websocket v1.5.3/go.mod h1:YR8l580nyteQvAITg2hZ9XVh4b55+EU/adAjf1fMHhE=
github.com/lunnik9/rdp v0.0.0-20240716163247-8aa443069308 h1:2tOQsJFd4/p3+ulX/LonoW2FWa01fKAPgOK4LXWeHRI=
github.com/lunnik9/rdp v0.0.0-20240716163247-8aa443069308/go.mod h1:LUdSepb+rPAq/myO6wta8024iGiSCE1oPJNgsSb6PuQ=
